<?xml version="1.0" encoding="utf-8"?>
<Project ToolsVersion="4.0" xmlns="http://schemas.microsoft.com/developer/msbuild/2003">
  <ItemGroup>
    <Filter Include="Source Files">
      <UniqueIdentifier>{4FC737F1-C7A5-4376-A066-2A32D752A2FF}</UniqueIdentifier>
      <Extensions>cpp;c;cc;cxx;def;odl;idl;hpj;bat;asm;asmx</Extensions>
    </Filter>
    <Filter Include="Header Files">
      <UniqueIdentifier>{93995380-89BD-4b04-88EB-625FBE52EBFB}</UniqueIdentifier>
      <Extensions>h;hpp;hxx;hm;inl;inc;xsd</Extensions>
    </Filter>
    <Filter Include="Resource Files">
      <UniqueIdentifier>{67DA6AB6-F800-4c08-8B7A-83BB121AAD01}</UniqueIdentifier>
      <Extensions>rc;ico;cur;bmp;dlg;rc2;rct;bin;rgs;gif;jpg;jpeg;jpe;resx;tiff;tif;png;wav;mfcribbon-ms</Extensions>
    </Filter>
    <Filter Include="Header Files\Shared">
      <UniqueIdentifier>{416516a3-2b97-4d35-ac3c-28a674c2f57e}</UniqueIdentifier>
    </Filter>
    <Filter Include="Source Files\Shared">
      <UniqueIdentifier>{f02e1514-bec1-4ce3-8428-f7320aca7a65}</UniqueIdentifier>
    </Filter>
    <Filter Include="Header Files\Shared\Commands">
      <UniqueIdentifier>{33787180-22bb-49f3-b46b-e5535177e5ab}</UniqueIdentifier>
    </Filter>
    <Filter Include="Source Files\Shared\Commands">
      <UniqueIdentifier>{49f726dc-93a4-432a-9ed9-3f72a55e5ad7}</UniqueIdentifier>
    </Filter>
    <Filter Include="Header Files\Shared\Commands\Handlers">
      <UniqueIdentifier>{55698e68-caaa-4ebc-94a9-2a95c2ccb71a}</UniqueIdentifier>
    </Filter>
    <Filter Include="Source Files\Shared\Commands\Handlers">
      <UniqueIdentifier>{6b131b3c-18a9-4513-9cf8-9151f4869fa4}</UniqueIdentifier>
    </Filter>
  </ItemGroup>
  <ItemGroup>
    <Text Include="ReadMe.txt" />
  </ItemGroup>
  <ItemGroup>
    <ClInclude Include="stdafx.h">
      <Filter>Header Files</Filter>
    </ClInclude>
    <ClInclude Include="targetver.h">
      <Filter>Header Files</Filter>
    </ClInclude>
    <ClInclude Include="..\Shared\Socket.h">
      <Filter>Header Files\Shared</Filter>
    </ClInclude>
    <ClInclude Include="..\Shared\SocketException.h">
      <Filter>Header Files\Shared</Filter>
    </ClInclude>
    <ClInclude Include="Server.h">
      <Filter>Header Files</Filter>
    </ClInclude>
    <ClInclude Include="Globals.h">
      <Filter>Header Files\Shared</Filter>
    </ClInclude>
    <ClInclude Include="..\Shared\InputFactory.h">
      <Filter>Header Files\Shared\Commands</Filter>
    </ClInclude>
    <ClInclude Include="..\Shared\InputHandler.h">
      <Filter>Header Files\Shared\Commands</Filter>
    </ClInclude>
    <ClInclude Include="..\Shared\InfoInputHandler.h">
      <Filter>Header Files\Shared\Commands\Handlers</Filter>
    </ClInclude>
    <ClInclude Include="..\Shared\QuitInputHandler.h">
      <Filter>Header Files\Shared\Commands\Handlers</Filter>
    </ClInclude>
  </ItemGroup>
  <ItemGroup>
    <ClCompile Include="stdafx.cpp">
      <Filter>Source Files</Filter>
    </ClCompile>
    <ClCompile Include="..\Shared\Socket.cpp">
      <Filter>Source Files\Shared</Filter>
    </ClCompile>
    <ClCompile Include="OS3Server.cpp" />
    <ClCompile Include="Server.cpp">
      <Filter>Source Files</Filter>
    </ClCompile>
    <ClCompile Include="Globals.cpp">
      <Filter>Source Files\Shared</Filter>
    </ClCompile>
    <ClCompile Include="..\Shared\InputFactory.cpp">
      <Filter>Source Files\Shared\Commands</Filter>
    </ClCompile>
    <ClCompile Include="..\Shared\InputHandler.cpp">
      <Filter>Source Files\Shared\Commands</Filter>
    </ClCompile>
    <ClCompile Include="..\Shared\InfoInputHandler.cpp">
      <Filter>Source Files\Shared\Commands\Handlers</Filter>
    </ClCompile>
    <ClCompile Include="..\Shared\QuitInputHandler.cpp">
      <Filter>Source Files\Shared\Commands\Handlers</Filter>
    </ClCompile>
  </ItemGroup>
</Project>