<?xml version="1.0" encoding="utf-8"?>
<Project ToolsVersion="4.0" xmlns="http://schemas.microsoft.com/developer/msbuild/2003">
  <ItemGroup>
    <Filter Include="Source Files">
      <UniqueIdentifier>{4FC737F1-C7A5-4376-A066-2A32D752A2FF}</UniqueIdentifier>
      <Extensions>cpp;c;cc;cxx;def;odl;idl;hpj;bat;asm;asmx</Extensions>
    </Filter>
    <Filter Include="Header Files">
      <UniqueIdentifier>{93995380-89BD-4b04-88EB-625FBE52EBFB}</UniqueIdentifier>
      <Extensions>h;hpp;hxx;hm;inl;inc;xsd</Extensions>
    </Filter>
    <Filter Include="Resource Files">
      <UniqueIdentifier>{67DA6AB6-F800-4c08-8B7A-83BB121AAD01}</UniqueIdentifier>
      <Extensions>rc;ico;cur;bmp;dlg;rc2;rct;bin;rgs;gif;jpg;jpeg;jpe;resx;tiff;tif;png;wav;mfcribbon-ms</Extensions>
    </Filter>
    <Filter Include="Header Files\Shared">
      <UniqueIdentifier>{553f0010-87d5-4ef9-ae31-7f25f6e438b5}</UniqueIdentifier>
    </Filter>
    <Filter Include="Source Files\Shared">
      <UniqueIdentifier>{50070372-7a8b-4a89-8064-f17bbd90237b}</UniqueIdentifier>
    </Filter>
    <Filter Include="Header Files\Shared\Commands">
      <UniqueIdentifier>{9b76f263-5d40-4a1b-8c35-805381c9703d}</UniqueIdentifier>
    </Filter>
    <Filter Include="Header Files\Shared\Commands\Handlers">
      <UniqueIdentifier>{5bd070ec-3592-43ce-a363-717e7a94868a}</UniqueIdentifier>
    </Filter>
    <Filter Include="Source Files\Shared\Commands">
      <UniqueIdentifier>{8451667c-e906-4078-9460-c02db5daab7d}</UniqueIdentifier>
    </Filter>
    <Filter Include="Source Files\Shared\Commands\Handlers">
      <UniqueIdentifier>{e067ab2e-eda5-49d6-91d2-b178930b2a64}</UniqueIdentifier>
    </Filter>
  </ItemGroup>
  <ItemGroup>
    <Text Include="ReadMe.txt" />
  </ItemGroup>
  <ItemGroup>
    <ClInclude Include="stdafx.h">
      <Filter>Header Files</Filter>
    </ClInclude>
    <ClInclude Include="targetver.h">
      <Filter>Header Files</Filter>
    </ClInclude>
    <ClInclude Include="..\Shared\Socket.h">
      <Filter>Header Files\Shared</Filter>
    </ClInclude>
    <ClInclude Include="..\Shared\SocketException.h">
      <Filter>Header Files\Shared</Filter>
    </ClInclude>
    <ClInclude Include="Client.h">
      <Filter>Header Files</Filter>
    </ClInclude>
    <ClInclude Include="..\Shared\Globals.h">
      <Filter>Header Files\Shared</Filter>
    </ClInclude>
    <ClInclude Include="..\Shared\InputFactory.h">
      <Filter>Header Files\Shared\Commands</Filter>
    </ClInclude>
    <ClInclude Include="..\Shared\InputHandler.h">
      <Filter>Header Files\Shared\Commands</Filter>
    </ClInclude>
    <ClInclude Include="..\Shared\DelInputHandler.h">
      <Filter>Header Files\Shared\Commands\Handlers</Filter>
    </ClInclude>
    <ClInclude Include="..\Shared\DirInputHandler.h">
      <Filter>Header Files\Shared\Commands\Handlers</Filter>
    </ClInclude>
    <ClInclude Include="..\Shared\GetInputHandler.h">
      <Filter>Header Files\Shared\Commands\Handlers</Filter>
    </ClInclude>
    <ClInclude Include="..\Shared\InfoInputHandler.h">
      <Filter>Header Files\Shared\Commands\Handlers</Filter>
    </ClInclude>
    <ClInclude Include="..\Shared\PutInputHandler.h">
      <Filter>Header Files\Shared\Commands\Handlers</Filter>
    </ClInclude>
    <ClInclude Include="..\Shared\QuitInputHandler.h">
      <Filter>Header Files\Shared\Commands\Handlers</Filter>
    </ClInclude>
    <ClInclude Include="..\Shared\RenInputHandler.h">
      <Filter>Header Files\Shared\Commands\Handlers</Filter>
    </ClInclude>
    <ClInclude Include="..\Shared\SyncInputHandler.h">
      <Filter>Header Files\Shared\Commands\Handlers</Filter>
    </ClInclude>
  </ItemGroup>
  <ItemGroup>
    <ClCompile Include="stdafx.cpp">
      <Filter>Source Files</Filter>
    </ClCompile>
    <ClCompile Include="..\Shared\Socket.cpp">
      <Filter>Source Files\Shared</Filter>
    </ClCompile>
    <ClCompile Include="OS3Client.cpp" />
    <ClCompile Include="Client.cpp">
      <Filter>Source Files</Filter>
    </ClCompile>
    <ClCompile Include="..\Shared\Globals.cpp">
      <Filter>Source Files\Shared</Filter>
    </ClCompile>
    <ClCompile Include="..\Shared\InputFactory.cpp">
      <Filter>Source Files\Shared\Commands</Filter>
    </ClCompile>
    <ClCompile Include="..\Shared\InputHandler.cpp">
      <Filter>Source Files\Shared\Commands</Filter>
    </ClCompile>
    <ClCompile Include="..\Shared\DelInputHandler.cpp">
      <Filter>Source Files\Shared\Commands\Handlers</Filter>
    </ClCompile>
    <ClCompile Include="..\Shared\DirInputHandler.cpp">
      <Filter>Source Files\Shared\Commands\Handlers</Filter>
    </ClCompile>
    <ClCompile Include="..\Shared\GetInputHandler.cpp">
      <Filter>Source Files\Shared\Commands\Handlers</Filter>
    </ClCompile>
    <ClCompile Include="..\Shared\InfoInputHandler.cpp">
      <Filter>Source Files\Shared\Commands\Handlers</Filter>
    </ClCompile>
    <ClCompile Include="..\Shared\PutInputHandler.cpp">
      <Filter>Source Files\Shared\Commands\Handlers</Filter>
    </ClCompile>
    <ClCompile Include="..\Shared\QuitInputHandler.cpp">
      <Filter>Source Files\Shared\Commands\Handlers</Filter>
    </ClCompile>
    <ClCompile Include="..\Shared\RenInputHandler.cpp">
      <Filter>Source Files\Shared\Commands\Handlers</Filter>
    </ClCompile>
    <ClCompile Include="..\Shared\SyncInputHandler.cpp">
      <Filter>Source Files\Shared\Commands\Handlers</Filter>
    </ClCompile>
  </ItemGroup>
</Project>